
Microsoft Visual Studio Solution File, Format Version 12.00
# Visual Studio Version 17
VisualStudioVersion = 17.8.34408.163
MinimumVisualStudioVersion = 10.0.40219.1
Project("{8BC9CEB8-8B4A-11D0-8D11-00A0C91BC942}") = "homework2", "homework2.vcxproj", "{87868F28-5D0C-4B08-8223-3123926B8219}"
EndProject
Global
	GlobalSection(SolutionConfigurationPlatforms) = preSolution
		Debug|x64 = Debug|x64
		Debug|x86 = Debug|x86
		Release|x64 = Release|x64
		Release|x86 = Release|x86
	EndGlobalSection
	GlobalSection(ProjectConfigurationPlatforms) = postSolution
		{87868F28-5D0C-4B08-8223-3123926B8219}.Debug|x64.ActiveCfg = Debug|x64
		{87868F28-5D0C-4B08-8223-3123926B8219}.Debug|x64.Build.0 = Debug|x64
		{87868F28-5D0C-4B08-8223-3123926B8219}.Debug|x86.ActiveCfg = Debug|Win32
		{87868F28-5D0C-4B08-8223-3123926B8219}.Debug|x86.Build.0 = Debug|Win32
		{87868F28-5D0C-4B08-8223-3123926B8219}.Release|x64.ActiveCfg = Release|x64
		{87868F28-5D0C-4B08-8223-3123926B8219}.Release|x64.Build.0 = Release|x64
		{87868F28-5D0C-4B08-8223-3123926B8219}.Release|x86.ActiveCfg = Release|Win32
		{87868F28-5D0C-4B08-8223-3123926B8219}.Release|x86.Build.0 = Release|Win32
	EndGlobalSection
	GlobalSection(SolutionProperties) = preSolution
		HideSolutionNode = FALSE
	EndGlobalSection
	GlobalSection(ExtensibilityGlobals) = postSolution
		SolutionGuid = {3BBA58D7-BF58-4327-B639-F614FDE62D6E}
	EndGlobalSection
EndGlobal
